
Microsoft Visual Studio Solution File, Format Version 12.00
# Visual Studio Version 17
VisualStudioVersion = 17.8.34511.84
MinimumVisualStudioVersion = 10.0.40219.1
Project("{9A19103F-16F7-4668-BE54-9A1E7A4F7556}") = "Cataloguify", "Cataloguify\Cataloguify.csproj", "{2CE8363E-3B31-4254-A468-7E4697928318}"
EndProject
Project("{9A19103F-16F7-4668-BE54-9A1E7A4F7556}") = "Cataloguify.Tests", "Cataloguify.Tests\Cataloguify.Tests.csproj", "{4A3506B9-5CED-4954-84B4-9E33A43A17F9}"
EndProject
Global
	GlobalSection(SolutionConfigurationPlatforms) = preSolution
		Debug|Any CPU = Debug|Any CPU
		Release|Any CPU = Release|Any CPU
	EndGlobalSection
	GlobalSection(ProjectConfigurationPlatforms) = postSolution
		{2CE8363E-3B31-4254-A468-7E4697928318}.Debug|Any CPU.ActiveCfg = Debug|Any CPU
		{2CE8363E-3B31-4254-A468-7E4697928318}.Debug|Any CPU.Build.0 = Debug|Any CPU
		{2CE8363E-3B31-4254-A468-7E4697928318}.Release|Any CPU.ActiveCfg = Release|Any CPU
		{2CE8363E-3B31-4254-A468-7E4697928318}.Release|Any CPU.Build.0 = Release|Any CPU
		{4A3506B9-5CED-4954-84B4-9E33A43A17F9}.Debug|Any CPU.ActiveCfg = Debug|Any CPU
		{4A3506B9-5CED-4954-84B4-9E33A43A17F9}.Debug|Any CPU.Build.0 = Debug|Any CPU
		{4A3506B9-5CED-4954-84B4-9E33A43A17F9}.Release|Any CPU.ActiveCfg = Release|Any CPU
		{4A3506B9-5CED-4954-84B4-9E33A43A17F9}.Release|Any CPU.Build.0 = Release|Any CPU
	EndGlobalSection
	GlobalSection(SolutionProperties) = preSolution
		HideSolutionNode = FALSE
	EndGlobalSection
	GlobalSection(ExtensibilityGlobals) = postSolution
		SolutionGuid = {D5FB9D94-E7C2-48F6-96EF-178A3DDC44EB}
	EndGlobalSection
EndGlobal
