
Microsoft Visual Studio Solution File, Format Version 12.00
# Visual Studio Version 17
VisualStudioVersion = 17.5.002.0
MinimumVisualStudioVersion = 10.0.40219.1
Project("{9A19103F-16F7-4668-BE54-9A1E7A4F7556}") = "Cataloguify.Client", "Cataloguify.Client.csproj", "{97D9A8DB-E70E-44F8-AFBE-85A35B13D70E}"
EndProject
Global
	GlobalSection(SolutionConfigurationPlatforms) = preSolution
		Debug|Any CPU = Debug|Any CPU
		Release|Any CPU = Release|Any CPU
	EndGlobalSection
	GlobalSection(ProjectConfigurationPlatforms) = postSolution
		{97D9A8DB-E70E-44F8-AFBE-85A35B13D70E}.Debug|Any CPU.ActiveCfg = Debug|Any CPU
		{97D9A8DB-E70E-44F8-AFBE-85A35B13D70E}.Debug|Any CPU.Build.0 = Debug|Any CPU
		{97D9A8DB-E70E-44F8-AFBE-85A35B13D70E}.Release|Any CPU.ActiveCfg = Release|Any CPU
		{97D9A8DB-E70E-44F8-AFBE-85A35B13D70E}.Release|Any CPU.Build.0 = Release|Any CPU
	EndGlobalSection
	GlobalSection(SolutionProperties) = preSolution
		HideSolutionNode = FALSE
	EndGlobalSection
	GlobalSection(ExtensibilityGlobals) = postSolution
		SolutionGuid = {FC048B20-FFF4-448C-8CC2-EA90352B4194}
	EndGlobalSection
EndGlobal
