
Microsoft Visual Studio Solution File, Format Version 12.00
# Visual Studio Version 17
VisualStudioVersion = 17.5.002.0
MinimumVisualStudioVersion = 10.0.40219.1
Project("{9A19103F-16F7-4668-BE54-9A1E7A4F7556}") = "Cataloguify", "Cataloguify.csproj", "{0D2C19B5-2FA0-4FC5-AA16-4A46776CF851}"
EndProject
Global
	GlobalSection(SolutionConfigurationPlatforms) = preSolution
		Debug|Any CPU = Debug|Any CPU
		Release|Any CPU = Release|Any CPU
	EndGlobalSection
	GlobalSection(ProjectConfigurationPlatforms) = postSolution
		{0D2C19B5-2FA0-4FC5-AA16-4A46776CF851}.Debug|Any CPU.ActiveCfg = Debug|Any CPU
		{0D2C19B5-2FA0-4FC5-AA16-4A46776CF851}.Debug|Any CPU.Build.0 = Debug|Any CPU
		{0D2C19B5-2FA0-4FC5-AA16-4A46776CF851}.Release|Any CPU.ActiveCfg = Release|Any CPU
		{0D2C19B5-2FA0-4FC5-AA16-4A46776CF851}.Release|Any CPU.Build.0 = Release|Any CPU
	EndGlobalSection
	GlobalSection(SolutionProperties) = preSolution
		HideSolutionNode = FALSE
	EndGlobalSection
	GlobalSection(ExtensibilityGlobals) = postSolution
		SolutionGuid = {0799CDDC-D0C3-4D08-B903-D91B1029FA78}
	EndGlobalSection
EndGlobal
